
Microsoft Visual Studio Solution File, Format Version 12.00
# Visual Studio Version 16
VisualStudioVersion = 16.0.29709.97
MinimumVisualStudioVersion = 10.0.40219.1
Project("{FAE04EC0-301F-11D3-BF4B-00C04F79EFBC}") = "praktika2-ypr1", "praktika2-ypr1\praktika2-ypr1.csproj", "{038DCC3E-8C4E-4707-A91D-BC5D3F600FBE}"
EndProject
Global
	GlobalSection(SolutionConfigurationPlatforms) = preSolution
		Debug|Any CPU = Debug|Any CPU
		Release|Any CPU = Release|Any CPU
	EndGlobalSection
	GlobalSection(ProjectConfigurationPlatforms) = postSolution
		{038DCC3E-8C4E-4707-A91D-BC5D3F600FBE}.Debug|Any CPU.ActiveCfg = Debug|Any CPU
		{038DCC3E-8C4E-4707-A91D-BC5D3F600FBE}.Debug|Any CPU.Build.0 = Debug|Any CPU
		{038DCC3E-8C4E-4707-A91D-BC5D3F600FBE}.Release|Any CPU.ActiveCfg = Release|Any CPU
		{038DCC3E-8C4E-4707-A91D-BC5D3F600FBE}.Release|Any CPU.Build.0 = Release|Any CPU
	EndGlobalSection
	GlobalSection(SolutionProperties) = preSolution
		HideSolutionNode = FALSE
	EndGlobalSection
	GlobalSection(ExtensibilityGlobals) = postSolution
		SolutionGuid = {34EF0EBF-7C25-4B23-8DCD-51AD45010124}
	EndGlobalSection
EndGlobal
